
Microsoft Visual Studio Solution File, Format Version 12.00
# Visual Studio Version 17
VisualStudioVersion = 17.11.35327.3
MinimumVisualStudioVersion = 10.0.40219.1
Project("{FAE04EC0-301F-11D3-BF4B-00C04F79EFBC}") = "ClassLibrary1", "ClassLibrary1\ClassLibrary1.csproj", "{BD5E6AE4-269A-43E2-AB2A-40D57BFE9763}"
EndProject
Project("{FAE04EC0-301F-11D3-BF4B-00C04F79EFBC}") = "UnitTestProject1", "UnitTestProject1\UnitTestProject1.csproj", "{C1540FB0-BDD5-48C2-9744-244C084B6D66}"
EndProject
Global
	GlobalSection(SolutionConfigurationPlatforms) = preSolution
		Debug|Any CPU = Debug|Any CPU
		Release|Any CPU = Release|Any CPU
	EndGlobalSection
	GlobalSection(ProjectConfigurationPlatforms) = postSolution
		{BD5E6AE4-269A-43E2-AB2A-40D57BFE9763}.Debug|Any CPU.ActiveCfg = Debug|Any CPU
		{BD5E6AE4-269A-43E2-AB2A-40D57BFE9763}.Debug|Any CPU.Build.0 = Debug|Any CPU
		{BD5E6AE4-269A-43E2-AB2A-40D57BFE9763}.Release|Any CPU.ActiveCfg = Release|Any CPU
		{BD5E6AE4-269A-43E2-AB2A-40D57BFE9763}.Release|Any CPU.Build.0 = Release|Any CPU
		{C1540FB0-BDD5-48C2-9744-244C084B6D66}.Debug|Any CPU.ActiveCfg = Debug|Any CPU
		{C1540FB0-BDD5-48C2-9744-244C084B6D66}.Debug|Any CPU.Build.0 = Debug|Any CPU
		{C1540FB0-BDD5-48C2-9744-244C084B6D66}.Release|Any CPU.ActiveCfg = Release|Any CPU
		{C1540FB0-BDD5-48C2-9744-244C084B6D66}.Release|Any CPU.Build.0 = Release|Any CPU
	EndGlobalSection
	GlobalSection(SolutionProperties) = preSolution
		HideSolutionNode = FALSE
	EndGlobalSection
	GlobalSection(ExtensibilityGlobals) = postSolution
		SolutionGuid = {BB9CFE21-F10C-45B1-85A4-7C88F6C196A6}
	EndGlobalSection
EndGlobal
